
Microsoft Visual Studio Solution File, Format Version 12.00
# Visual Studio Version 17
VisualStudioVersion = 17.6.33717.318
MinimumVisualStudioVersion = 10.0.40219.1
Project("{FAE04EC0-301F-11D3-BF4B-00C04F79EFBC}") = "Event_And_Delegates_on_CSharp", "Event_And_Delegates_on_CSharp\Event_And_Delegates_on_CSharp.csproj", "{5DFC265E-BB7B-40B8-9A61-F9992988B614}"
EndProject
Global
	GlobalSection(SolutionConfigurationPlatforms) = preSolution
		Debug|Any CPU = Debug|Any CPU
		Release|Any CPU = Release|Any CPU
	EndGlobalSection
	GlobalSection(ProjectConfigurationPlatforms) = postSolution
		{5DFC265E-BB7B-40B8-9A61-F9992988B614}.Debug|Any CPU.ActiveCfg = Debug|Any CPU
		{5DFC265E-BB7B-40B8-9A61-F9992988B614}.Debug|Any CPU.Build.0 = Debug|Any CPU
		{5DFC265E-BB7B-40B8-9A61-F9992988B614}.Release|Any CPU.ActiveCfg = Release|Any CPU
		{5DFC265E-BB7B-40B8-9A61-F9992988B614}.Release|Any CPU.Build.0 = Release|Any CPU
	EndGlobalSection
	GlobalSection(SolutionProperties) = preSolution
		HideSolutionNode = FALSE
	EndGlobalSection
	GlobalSection(ExtensibilityGlobals) = postSolution
		SolutionGuid = {4D0BDF2B-3A98-46ED-8012-C29A5CCEE4CC}
	EndGlobalSection
EndGlobal
